// !$*UTF8*$!
{
	archiveVersion = 1;
	classes = {
	};
	objectVersion = 46;
	objects = {

/* Begin PBXBuildFile section */
		170EE9EE1AC7B14900FCD798 /* DateHelper.swift in Sources */ = {isa = PBXBuildFile; fileRef = 170EE9ED1AC7B14900FCD798 /* DateHelper.swift */; };
		170EE9EF1AC7B6DC00FCD798 /* DateHelper.swift in Sources */ = {isa = PBXBuildFile; fileRef = 170EE9ED1AC7B14900FCD798 /* DateHelper.swift */; };
		171DAF771AC3EA9000B053A9 /* LoginResponse.swift in Sources */ = {isa = PBXBuildFile; fileRef = 171DAF761AC3EA9000B053A9 /* LoginResponse.swift */; };
		171DAF781AC4B41F00B053A9 /* LoginResponse.swift in Sources */ = {isa = PBXBuildFile; fileRef = 171DAF761AC3EA9000B053A9 /* LoginResponse.swift */; };
		173A6B8A1AA197AD003198FF /* TwitterKit.framework in Frameworks */ = {isa = PBXBuildFile; fileRef = 173A6B871AA197AD003198FF /* TwitterKit.framework */; };
		173A6B8B1AA197AD003198FF /* TwitterKitResources.bundle in Resources */ = {isa = PBXBuildFile; fileRef = 173A6B881AA197AD003198FF /* TwitterKitResources.bundle */; };
		173A6B8C1AA197AD003198FF /* Fabric.framework in Frameworks */ = {isa = PBXBuildFile; fileRef = 173A6B891AA197AD003198FF /* Fabric.framework */; };
		173A6B8E1AA19D4A003198FF /* LoginViewController.swift in Sources */ = {isa = PBXBuildFile; fileRef = 173A6B8D1AA19D4A003198FF /* LoginViewController.swift */; };
		1744CA381AC0DE0100C95E42 /* RequestToken.swift in Sources */ = {isa = PBXBuildFile; fileRef = 1744CA371AC0DE0100C95E42 /* RequestToken.swift */; };
		1744CA391AC0EAAF00C95E42 /* RequestToken.swift in Sources */ = {isa = PBXBuildFile; fileRef = 1744CA371AC0DE0100C95E42 /* RequestToken.swift */; };
		175F11B21AB273E20070CCE2 /* README.txt in Resources */ = {isa = PBXBuildFile; fileRef = 175F11B11AB273E20070CCE2 /* README.txt */; };
		175F12001AB63DE00070CCE2 /* HomeViewController.swift in Sources */ = {isa = PBXBuildFile; fileRef = E621AC191A8D32AC00C3BAAB /* HomeViewController.swift */; };
		175F12011AB63E2F0070CCE2 /* ViewController.swift in Sources */ = {isa = PBXBuildFile; fileRef = 20B96B9D1A73549500F32F98 /* ViewController.swift */; };
		175F12021AB63E920070CCE2 /* AppDelegate.swift in Sources */ = {isa = PBXBuildFile; fileRef = 20B96B9B1A73549500F32F98 /* AppDelegate.swift */; };
		175F12031AB63F000070CCE2 /* Fabric.framework in Frameworks */ = {isa = PBXBuildFile; fileRef = 173A6B891AA197AD003198FF /* Fabric.framework */; };
		175F12041AB63F650070CCE2 /* TwitterKit.framework in Frameworks */ = {isa = PBXBuildFile; fileRef = 173A6B871AA197AD003198FF /* TwitterKit.framework */; };
		175F12051AB63F780070CCE2 /* TwitterKitResources.bundle in Resources */ = {isa = PBXBuildFile; fileRef = 173A6B881AA197AD003198FF /* TwitterKitResources.bundle */; };
		175F12061AB66D940070CCE2 /* LoginViewController.swift in Sources */ = {isa = PBXBuildFile; fileRef = 173A6B8D1AA19D4A003198FF /* LoginViewController.swift */; };
		175F12081AB792CB0070CCE2 /* ConfigHelper.swift in Sources */ = {isa = PBXBuildFile; fileRef = 175F12071AB792CB0070CCE2 /* ConfigHelper.swift */; };
		175F120A1AB795560070CCE2 /* ConfigHelper.swift in Sources */ = {isa = PBXBuildFile; fileRef = 175F12071AB792CB0070CCE2 /* ConfigHelper.swift */; };
		2011396E1AC5497100ED8A00 /* SettingsViewController.swift in Sources */ = {isa = PBXBuildFile; fileRef = E621AC1B1A8D34B000C3BAAB /* SettingsViewController.swift */; };
		2040C50B1AB8E6250028A4D1 /* Alamofire.swift in Sources */ = {isa = PBXBuildFile; fileRef = 2040C5081AB8E6250028A4D1 /* Alamofire.swift */; };
		2040C50C1AB8E6250028A4D1 /* Alamofire.swift in Sources */ = {isa = PBXBuildFile; fileRef = 2040C5081AB8E6250028A4D1 /* Alamofire.swift */; };
		2040C5101AB8E6510028A4D1 /* PreparedMatch.swift in Sources */ = {isa = PBXBuildFile; fileRef = 2040C50F1AB8E6510028A4D1 /* PreparedMatch.swift */; };
		2040C5111AB8E6510028A4D1 /* PreparedMatch.swift in Sources */ = {isa = PBXBuildFile; fileRef = 2040C50F1AB8E6510028A4D1 /* PreparedMatch.swift */; };
		2040C5141AB8EB5E0028A4D1 /* SwiftyJSON.swift in Sources */ = {isa = PBXBuildFile; fileRef = 2040C5131AB8EB5E0028A4D1 /* SwiftyJSON.swift */; };
		2040C5151AB8EB5E0028A4D1 /* SwiftyJSON.swift in Sources */ = {isa = PBXBuildFile; fileRef = 2040C5131AB8EB5E0028A4D1 /* SwiftyJSON.swift */; };
		2040C5181AB8EC4D0028A4D1 /* ServerRequests.swift in Sources */ = {isa = PBXBuildFile; fileRef = 2040C5171AB8EC4D0028A4D1 /* ServerRequests.swift */; };
		2040C5191AB8EC4D0028A4D1 /* ServerRequests.swift in Sources */ = {isa = PBXBuildFile; fileRef = 2040C5171AB8EC4D0028A4D1 /* ServerRequests.swift */; };
		2040C51B1AB8FB400028A4D1 /* JSONSerializable.swift in Sources */ = {isa = PBXBuildFile; fileRef = 2040C51A1AB8FB400028A4D1 /* JSONSerializable.swift */; };
		2040C51C1AB8FB400028A4D1 /* JSONSerializable.swift in Sources */ = {isa = PBXBuildFile; fileRef = 2040C51A1AB8FB400028A4D1 /* JSONSerializable.swift */; };
		2040C51E1AB903CF0028A4D1 /* PreparedPotentialMatch.swift in Sources */ = {isa = PBXBuildFile; fileRef = 2040C51D1AB903CF0028A4D1 /* PreparedPotentialMatch.swift */; };
		2040C51F1AB903CF0028A4D1 /* PreparedPotentialMatch.swift in Sources */ = {isa = PBXBuildFile; fileRef = 2040C51D1AB903CF0028A4D1 /* PreparedPotentialMatch.swift */; };
		2040C5211AB9052F0028A4D1 /* DeserializationUtil.swift in Sources */ = {isa = PBXBuildFile; fileRef = 2040C5201AB9052F0028A4D1 /* DeserializationUtil.swift */; };
		2040C5221AB9052F0028A4D1 /* DeserializationUtil.swift in Sources */ = {isa = PBXBuildFile; fileRef = 2040C5201AB9052F0028A4D1 /* DeserializationUtil.swift */; };
		2040C5241AB90C7A0028A4D1 /* PotentialMatchResponse.swift in Sources */ = {isa = PBXBuildFile; fileRef = 2040C5231AB90C7A0028A4D1 /* PotentialMatchResponse.swift */; };
		2040C5251AB90C7A0028A4D1 /* PotentialMatchResponse.swift in Sources */ = {isa = PBXBuildFile; fileRef = 2040C5231AB90C7A0028A4D1 /* PotentialMatchResponse.swift */; };
		20B96B9C1A73549500F32F98 /* AppDelegate.swift in Sources */ = {isa = PBXBuildFile; fileRef = 20B96B9B1A73549500F32F98 /* AppDelegate.swift */; };
		20B96B9E1A73549500F32F98 /* ViewController.swift in Sources */ = {isa = PBXBuildFile; fileRef = 20B96B9D1A73549500F32F98 /* ViewController.swift */; };
		20B96BA11A73549500F32F98 /* Main.storyboard in Resources */ = {isa = PBXBuildFile; fileRef = 20B96B9F1A73549500F32F98 /* Main.storyboard */; };
		20B96BA31A73549600F32F98 /* Images.xcassets in Resources */ = {isa = PBXBuildFile; fileRef = 20B96BA21A73549500F32F98 /* Images.xcassets */; };
		20B96BA61A73549600F32F98 /* LaunchScreen.xib in Resources */ = {isa = PBXBuildFile; fileRef = 20B96BA41A73549600F32F98 /* LaunchScreen.xib */; };
		20B96BB21A73549600F32F98 /* TwindrTests.swift in Sources */ = {isa = PBXBuildFile; fileRef = 20B96BB11A73549600F32F98 /* TwindrTests.swift */; };
		20FBF51E1AC52738006DEEA8 /* MessageHandler.swift in Sources */ = {isa = PBXBuildFile; fileRef = 20FBF51D1AC52738006DEEA8 /* MessageHandler.swift */; };
		20FBF5231AC52B68006DEEA8 /* MatchMessage.swift in Sources */ = {isa = PBXBuildFile; fileRef = 20FBF5201AC52B68006DEEA8 /* MatchMessage.swift */; };
		20FBF5241AC52B68006DEEA8 /* MatchMessage.swift in Sources */ = {isa = PBXBuildFile; fileRef = 20FBF5201AC52B68006DEEA8 /* MatchMessage.swift */; };
		20FBF5251AC52B68006DEEA8 /* Registration.swift in Sources */ = {isa = PBXBuildFile; fileRef = 20FBF5211AC52B68006DEEA8 /* Registration.swift */; };
		20FBF5261AC52B68006DEEA8 /* Registration.swift in Sources */ = {isa = PBXBuildFile; fileRef = 20FBF5211AC52B68006DEEA8 /* Registration.swift */; };
		20FBF5271AC52B68006DEEA8 /* UpdateRegistration.swift in Sources */ = {isa = PBXBuildFile; fileRef = 20FBF5221AC52B68006DEEA8 /* UpdateRegistration.swift */; };
		20FBF5281AC52B68006DEEA8 /* UpdateRegistration.swift in Sources */ = {isa = PBXBuildFile; fileRef = 20FBF5221AC52B68006DEEA8 /* UpdateRegistration.swift */; };
		22DB38221AC8CDD600F1B242 /* SwiftEventSource.swift in Sources */ = {isa = PBXBuildFile; fileRef = 22DB38211AC8CDD600F1B242 /* SwiftEventSource.swift */; };
		243ABEA4B078DB925BEC06EB /* Pods.framework in Frameworks */ = {isa = PBXBuildFile; fileRef = 7A3113AA37465DFC19A372CB /* Pods.framework */; settings = {ATTRIBUTES = (Weak, ); }; };
		E621AC1A1A8D32AC00C3BAAB /* HomeViewController.swift in Sources */ = {isa = PBXBuildFile; fileRef = E621AC191A8D32AC00C3BAAB /* HomeViewController.swift */; };
		E621AC1C1A8D34B000C3BAAB /* SettingsViewController.swift in Sources */ = {isa = PBXBuildFile; fileRef = E621AC1B1A8D34B000C3BAAB /* SettingsViewController.swift */; };
		E621AC1E1A8D34DE00C3BAAB /* MatchesViewController.swift in Sources */ = {isa = PBXBuildFile; fileRef = E621AC1D1A8D34DE00C3BAAB /* MatchesViewController.swift */; };
		E670922F1AC907C8008D039E /* ConfigHelperTests.swift in Sources */ = {isa = PBXBuildFile; fileRef = E670922E1AC907C8008D039E /* ConfigHelperTests.swift */; };
		E67092331AC917D3008D039E /* DateHelperTests.swift in Sources */ = {isa = PBXBuildFile; fileRef = E67092321AC917D3008D039E /* DateHelperTests.swift */; };
		E67CA31F1AC4FD5C00EE1A7B /* MessageViewController.swift in Sources */ = {isa = PBXBuildFile; fileRef = E67CA31E1AC4FD5C00EE1A7B /* MessageViewController.swift */; };
		E69597541AC635C9009836D2 /* ConversationsViewController.swift in Sources */ = {isa = PBXBuildFile; fileRef = E69597531AC635C9009836D2 /* ConversationsViewController.swift */; };
		E69597561AC63EA3009836D2 /* Message.swift in Sources */ = {isa = PBXBuildFile; fileRef = E69597551AC63EA3009836D2 /* Message.swift */; };
		E69597571AC63EA6009836D2 /* Message.swift in Sources */ = {isa = PBXBuildFile; fileRef = E69597551AC63EA3009836D2 /* Message.swift */; };
		E6A7DF471AB7E08F00E03D51 /* Geolocation.swift in Sources */ = {isa = PBXBuildFile; fileRef = E6A7DF461AB7E08F00E03D51 /* Geolocation.swift */; };
		E6A7DF481AB7E08F00E03D51 /* Geolocation.swift in Sources */ = {isa = PBXBuildFile; fileRef = E6A7DF461AB7E08F00E03D51 /* Geolocation.swift */; };
		E6A7DF4A1AB7E23F00E03D51 /* GeolocationTests.swift in Sources */ = {isa = PBXBuildFile; fileRef = E6A7DF491AB7E23F00E03D51 /* GeolocationTests.swift */; };
		E6CCFA541AB5198A000D1EE9 /* CoreLocation.framework in Frameworks */ = {isa = PBXBuildFile; fileRef = E6CCFA531AB5198A000D1EE9 /* CoreLocation.framework */; };
		F3DE7DE9010A1261E2DC82BA /* Pods.framework in Frameworks */ = {isa = PBXBuildFile; fileRef = 7A3113AA37465DFC19A372CB /* Pods.framework */; settings = {ATTRIBUTES = (Weak, ); }; };
/* End PBXBuildFile section */

/* Begin PBXContainerItemProxy section */
		20B96BAC1A73549600F32F98 /* PBXContainerItemProxy */ = {
			isa = PBXContainerItemProxy;
			containerPortal = 20B96B8E1A73549500F32F98 /* Project object */;
			proxyType = 1;
			remoteGlobalIDString = 20B96B951A73549500F32F98;
			remoteInfo = Twindr;
		};
/* End PBXContainerItemProxy section */

/* Begin PBXFileReference section */
		170EE9ED1AC7B14900FCD798 /* DateHelper.swift */ = {isa = PBXFileReference; fileEncoding = 4; lastKnownFileType = sourcecode.swift; path = DateHelper.swift; sourceTree = "<group>"; };
		171DAF761AC3EA9000B053A9 /* LoginResponse.swift */ = {isa = PBXFileReference; fileEncoding = 4; lastKnownFileType = sourcecode.swift; path = LoginResponse.swift; sourceTree = "<group>"; };
		173A6B871AA197AD003198FF /* TwitterKit.framework */ = {isa = PBXFileReference; lastKnownFileType = wrapper.framework; path = TwitterKit.framework; sourceTree = "<group>"; };
		173A6B881AA197AD003198FF /* TwitterKitResources.bundle */ = {isa = PBXFileReference; lastKnownFileType = "wrapper.plug-in"; name = TwitterKitResources.bundle; path = TwitterKit.framework/Versions/A/Resources/TwitterKitResources.bundle; sourceTree = "<group>"; };
		173A6B891AA197AD003198FF /* Fabric.framework */ = {isa = PBXFileReference; lastKnownFileType = wrapper.framework; path = Fabric.framework; sourceTree = "<group>"; };
		173A6B8D1AA19D4A003198FF /* LoginViewController.swift */ = {isa = PBXFileReference; fileEncoding = 4; lastKnownFileType = sourcecode.swift; path = LoginViewController.swift; sourceTree = "<group>"; };
		1744CA371AC0DE0100C95E42 /* RequestToken.swift */ = {isa = PBXFileReference; fileEncoding = 4; lastKnownFileType = sourcecode.swift; path = RequestToken.swift; sourceTree = "<group>"; };
		175F11B11AB273E20070CCE2 /* README.txt */ = {isa = PBXFileReference; fileEncoding = 4; lastKnownFileType = text; name = README.txt; path = Twindr/README.txt; sourceTree = "<group>"; };
		175F12071AB792CB0070CCE2 /* ConfigHelper.swift */ = {isa = PBXFileReference; fileEncoding = 4; lastKnownFileType = sourcecode.swift; name = ConfigHelper.swift; path = Helpers/ConfigHelper.swift; sourceTree = "<group>"; };
		2040C5081AB8E6250028A4D1 /* Alamofire.swift */ = {isa = PBXFileReference; fileEncoding = 4; lastKnownFileType = sourcecode.swift; path = Alamofire.swift; sourceTree = "<group>"; };
		2040C50F1AB8E6510028A4D1 /* PreparedMatch.swift */ = {isa = PBXFileReference; fileEncoding = 4; lastKnownFileType = sourcecode.swift; path = PreparedMatch.swift; sourceTree = "<group>"; };
		2040C5131AB8EB5E0028A4D1 /* SwiftyJSON.swift */ = {isa = PBXFileReference; fileEncoding = 4; lastKnownFileType = sourcecode.swift; path = SwiftyJSON.swift; sourceTree = "<group>"; };
		2040C5171AB8EC4D0028A4D1 /* ServerRequests.swift */ = {isa = PBXFileReference; fileEncoding = 4; lastKnownFileType = sourcecode.swift; path = ServerRequests.swift; sourceTree = "<group>"; };
		2040C51A1AB8FB400028A4D1 /* JSONSerializable.swift */ = {isa = PBXFileReference; fileEncoding = 4; lastKnownFileType = sourcecode.swift; path = JSONSerializable.swift; sourceTree = "<group>"; };
		2040C51D1AB903CF0028A4D1 /* PreparedPotentialMatch.swift */ = {isa = PBXFileReference; fileEncoding = 4; lastKnownFileType = sourcecode.swift; path = PreparedPotentialMatch.swift; sourceTree = "<group>"; };
		2040C5201AB9052F0028A4D1 /* DeserializationUtil.swift */ = {isa = PBXFileReference; fileEncoding = 4; lastKnownFileType = sourcecode.swift; path = DeserializationUtil.swift; sourceTree = "<group>"; };
		2040C5231AB90C7A0028A4D1 /* PotentialMatchResponse.swift */ = {isa = PBXFileReference; fileEncoding = 4; lastKnownFileType = sourcecode.swift; path = PotentialMatchResponse.swift; sourceTree = "<group>"; };
		20B96B961A73549500F32F98 /* Twindr.app */ = {isa = PBXFileReference; explicitFileType = wrapper.application; includeInIndex = 0; path = Twindr.app; sourceTree = BUILT_PRODUCTS_DIR; };
		20B96B9A1A73549500F32F98 /* Info.plist */ = {isa = PBXFileReference; lastKnownFileType = text.plist.xml; path = Info.plist; sourceTree = "<group>"; };
		20B96B9B1A73549500F32F98 /* AppDelegate.swift */ = {isa = PBXFileReference; lastKnownFileType = sourcecode.swift; path = AppDelegate.swift; sourceTree = "<group>"; };
		20B96B9D1A73549500F32F98 /* ViewController.swift */ = {isa = PBXFileReference; lastKnownFileType = sourcecode.swift; path = ViewController.swift; sourceTree = "<group>"; };
		20B96BA01A73549500F32F98 /* Base */ = {isa = PBXFileReference; lastKnownFileType = file.storyboard; name = Base; path = Base.lproj/Main.storyboard; sourceTree = "<group>"; };
		20B96BA21A73549500F32F98 /* Images.xcassets */ = {isa = PBXFileReference; lastKnownFileType = folder.assetcatalog; path = Images.xcassets; sourceTree = "<group>"; };
		20B96BA51A73549600F32F98 /* Base */ = {isa = PBXFileReference; lastKnownFileType = file.xib; name = Base; path = Base.lproj/LaunchScreen.xib; sourceTree = "<group>"; };
		20B96BAB1A73549600F32F98 /* TwindrTests.xctest */ = {isa = PBXFileReference; explicitFileType = wrapper.cfbundle; includeInIndex = 0; path = TwindrTests.xctest; sourceTree = BUILT_PRODUCTS_DIR; };
		20B96BB01A73549600F32F98 /* Info.plist */ = {isa = PBXFileReference; lastKnownFileType = text.plist.xml; path = Info.plist; sourceTree = "<group>"; };
		20B96BB11A73549600F32F98 /* TwindrTests.swift */ = {isa = PBXFileReference; lastKnownFileType = sourcecode.swift; path = TwindrTests.swift; sourceTree = "<group>"; };
		20FBF51D1AC52738006DEEA8 /* MessageHandler.swift */ = {isa = PBXFileReference; fileEncoding = 4; lastKnownFileType = sourcecode.swift; path = MessageHandler.swift; sourceTree = "<group>"; };
		20FBF51F1AC52807006DEEA8 /* ObjCBridge.h */ = {isa = PBXFileReference; lastKnownFileType = sourcecode.c.h; path = ObjCBridge.h; sourceTree = "<group>"; };
		20FBF5201AC52B68006DEEA8 /* MatchMessage.swift */ = {isa = PBXFileReference; fileEncoding = 4; lastKnownFileType = sourcecode.swift; path = MatchMessage.swift; sourceTree = "<group>"; };
		20FBF5211AC52B68006DEEA8 /* Registration.swift */ = {isa = PBXFileReference; fileEncoding = 4; lastKnownFileType = sourcecode.swift; path = Registration.swift; sourceTree = "<group>"; };
		20FBF5221AC52B68006DEEA8 /* UpdateRegistration.swift */ = {isa = PBXFileReference; fileEncoding = 4; lastKnownFileType = sourcecode.swift; path = UpdateRegistration.swift; sourceTree = "<group>"; };
		22DB38211AC8CDD600F1B242 /* SwiftEventSource.swift */ = {isa = PBXFileReference; fileEncoding = 4; lastKnownFileType = sourcecode.swift; path = SwiftEventSource.swift; sourceTree = "<group>"; };
		26E7ADB1595EFA7C8EB1629A /* Pods.debug.xcconfig */ = {isa = PBXFileReference; includeInIndex = 1; lastKnownFileType = text.xcconfig; name = Pods.debug.xcconfig; path = "Pods/Target Support Files/Pods/Pods.debug.xcconfig"; sourceTree = "<group>"; };
		7A3113AA37465DFC19A372CB /* Pods.framework */ = {isa = PBXFileReference; explicitFileType = wrapper.framework; includeInIndex = 0; path = Pods.framework; sourceTree = BUILT_PRODUCTS_DIR; };
		E02EA3BC1AB20C0238DE9F21 /* Pods.release.xcconfig */ = {isa = PBXFileReference; includeInIndex = 1; lastKnownFileType = text.xcconfig; name = Pods.release.xcconfig; path = "Pods/Target Support Files/Pods/Pods.release.xcconfig"; sourceTree = "<group>"; };
		E621AC191A8D32AC00C3BAAB /* HomeViewController.swift */ = {isa = PBXFileReference; fileEncoding = 4; lastKnownFileType = sourcecode.swift; path = HomeViewController.swift; sourceTree = "<group>"; };
		E621AC1B1A8D34B000C3BAAB /* SettingsViewController.swift */ = {isa = PBXFileReference; fileEncoding = 4; lastKnownFileType = sourcecode.swift; path = SettingsViewController.swift; sourceTree = "<group>"; };
		E621AC1D1A8D34DE00C3BAAB /* MatchesViewController.swift */ = {isa = PBXFileReference; fileEncoding = 4; lastKnownFileType = sourcecode.swift; path = MatchesViewController.swift; sourceTree = "<group>"; };
		E670922E1AC907C8008D039E /* ConfigHelperTests.swift */ = {isa = PBXFileReference; fileEncoding = 4; lastKnownFileType = sourcecode.swift; path = ConfigHelperTests.swift; sourceTree = "<group>"; };
		E67092321AC917D3008D039E /* DateHelperTests.swift */ = {isa = PBXFileReference; fileEncoding = 4; lastKnownFileType = sourcecode.swift; path = DateHelperTests.swift; sourceTree = "<group>"; };
		E67CA31E1AC4FD5C00EE1A7B /* MessageViewController.swift */ = {isa = PBXFileReference; fileEncoding = 4; lastKnownFileType = sourcecode.swift; path = MessageViewController.swift; sourceTree = "<group>"; };
		E69597531AC635C9009836D2 /* ConversationsViewController.swift */ = {isa = PBXFileReference; fileEncoding = 4; lastKnownFileType = sourcecode.swift; path = ConversationsViewController.swift; sourceTree = "<group>"; };
		E69597551AC63EA3009836D2 /* Message.swift */ = {isa = PBXFileReference; fileEncoding = 4; lastKnownFileType = sourcecode.swift; path = Message.swift; sourceTree = "<group>"; };
		E6A7DF461AB7E08F00E03D51 /* Geolocation.swift */ = {isa = PBXFileReference; fileEncoding = 4; lastKnownFileType = sourcecode.swift; path = Geolocation.swift; sourceTree = "<group>"; };
		E6A7DF491AB7E23F00E03D51 /* GeolocationTests.swift */ = {isa = PBXFileReference; fileEncoding = 4; lastKnownFileType = sourcecode.swift; path = GeolocationTests.swift; sourceTree = "<group>"; };
		E6CCFA531AB5198A000D1EE9 /* CoreLocation.framework */ = {isa = PBXFileReference; lastKnownFileType = wrapper.framework; name = CoreLocation.framework; path = System/Library/Frameworks/CoreLocation.framework; sourceTree = SDKROOT; };
/* End PBXFileReference section */

/* Begin PBXFrameworksBuildPhase section */
		20B96B931A73549500F32F98 /* Frameworks */ = {
			isa = PBXFrameworksBuildPhase;
			buildActionMask = 2147483647;
			files = (
				E6CCFA541AB5198A000D1EE9 /* CoreLocation.framework in Frameworks */,
				173A6B8C1AA197AD003198FF /* Fabric.framework in Frameworks */,
				173A6B8A1AA197AD003198FF /* TwitterKit.framework in Frameworks */,
				F3DE7DE9010A1261E2DC82BA /* Pods.framework in Frameworks */,
			);
			runOnlyForDeploymentPostprocessing = 0;
		};
		20B96BA81A73549600F32F98 /* Frameworks */ = {
			isa = PBXFrameworksBuildPhase;
			buildActionMask = 2147483647;
			files = (
				175F12031AB63F000070CCE2 /* Fabric.framework in Frameworks */,
				175F12041AB63F650070CCE2 /* TwitterKit.framework in Frameworks */,
				243ABEA4B078DB925BEC06EB /* Pods.framework in Frameworks */,
			);
			runOnlyForDeploymentPostprocessing = 0;
		};
/* End PBXFrameworksBuildPhase section */

/* Begin PBXGroup section */
		175023540B3B2A7A83D6C124 /* Pods */ = {
			isa = PBXGroup;
			children = (
				26E7ADB1595EFA7C8EB1629A /* Pods.debug.xcconfig */,
				E02EA3BC1AB20C0238DE9F21 /* Pods.release.xcconfig */,
			);
			name = Pods;
			sourceTree = "<group>";
		};
		175F12091AB792E30070CCE2 /* Helpers */ = {
			isa = PBXGroup;
			children = (
				175F12071AB792CB0070CCE2 /* ConfigHelper.swift */,
				170EE9ED1AC7B14900FCD798 /* DateHelper.swift */,
			);
			name = Helpers;
			sourceTree = "<group>";
		};
		2040C5061AB8E6250028A4D1 /* Alamofire */ = {
			isa = PBXGroup;
			children = (
				2040C5081AB8E6250028A4D1 /* Alamofire.swift */,
			);
			path = Alamofire;
			sourceTree = "<group>";
		};
		2040C50A1AB8E6250028A4D1 /* DTO */ = {
			isa = PBXGroup;
			children = (
				20FBF5201AC52B68006DEEA8 /* MatchMessage.swift */,
				20FBF5211AC52B68006DEEA8 /* Registration.swift */,
				20FBF5221AC52B68006DEEA8 /* UpdateRegistration.swift */,
				2040C50F1AB8E6510028A4D1 /* PreparedMatch.swift */,
				2040C51A1AB8FB400028A4D1 /* JSONSerializable.swift */,
				2040C51D1AB903CF0028A4D1 /* PreparedPotentialMatch.swift */,
				2040C5201AB9052F0028A4D1 /* DeserializationUtil.swift */,
				2040C5231AB90C7A0028A4D1 /* PotentialMatchResponse.swift */,
				1744CA371AC0DE0100C95E42 /* RequestToken.swift */,
				171DAF761AC3EA9000B053A9 /* LoginResponse.swift */,
			);
			path = DTO;
			sourceTree = "<group>";
		};
		2040C5121AB8EB5E0028A4D1 /* SwiftyJSON */ = {
			isa = PBXGroup;
			children = (
				2040C5131AB8EB5E0028A4D1 /* SwiftyJSON.swift */,
			);
			path = SwiftyJSON;
			sourceTree = "<group>";
		};
		2040C5161AB8EC240028A4D1 /* Network */ = {
			isa = PBXGroup;
			children = (
				20FBF51D1AC52738006DEEA8 /* MessageHandler.swift */,
				2040C5171AB8EC4D0028A4D1 /* ServerRequests.swift */,
				22DB38211AC8CDD600F1B242 /* SwiftEventSource.swift */,
			);
			name = Network;
			sourceTree = "<group>";
		};
		20B96B8D1A73549500F32F98 = {
			isa = PBXGroup;
			children = (
				E6CCFA531AB5198A000D1EE9 /* CoreLocation.framework */,
				175F11B11AB273E20070CCE2 /* README.txt */,
				173A6B871AA197AD003198FF /* TwitterKit.framework */,
				173A6B881AA197AD003198FF /* TwitterKitResources.bundle */,
				173A6B891AA197AD003198FF /* Fabric.framework */,
				20B96B981A73549500F32F98 /* Twindr */,
				20B96BAE1A73549600F32F98 /* TwindrTests */,
				20B96B971A73549500F32F98 /* Products */,
				175023540B3B2A7A83D6C124 /* Pods */,
				4B0C27FF58D4F6D685E388E2 /* Frameworks */,
			);
			sourceTree = "<group>";
		};
		20B96B971A73549500F32F98 /* Products */ = {
			isa = PBXGroup;
			children = (
				20B96B961A73549500F32F98 /* Twindr.app */,
				20B96BAB1A73549600F32F98 /* TwindrTests.xctest */,
			);
			name = Products;
			sourceTree = "<group>";
		};
		20B96B981A73549500F32F98 /* Twindr */ = {
			isa = PBXGroup;
			children = (
				20FBF51F1AC52807006DEEA8 /* ObjCBridge.h */,
				2040C5161AB8EC240028A4D1 /* Network */,
				2040C5121AB8EB5E0028A4D1 /* SwiftyJSON */,
				2040C5061AB8E6250028A4D1 /* Alamofire */,
				2040C50A1AB8E6250028A4D1 /* DTO */,
				175F12091AB792E30070CCE2 /* Helpers */,
				20B96B9B1A73549500F32F98 /* AppDelegate.swift */,
				20B96B9D1A73549500F32F98 /* ViewController.swift */,
				E621AC191A8D32AC00C3BAAB /* HomeViewController.swift */,
				E621AC1D1A8D34DE00C3BAAB /* MatchesViewController.swift */,
				E69597531AC635C9009836D2 /* ConversationsViewController.swift */,
				E67CA31E1AC4FD5C00EE1A7B /* MessageViewController.swift */,
				E69597551AC63EA3009836D2 /* Message.swift */,
				E621AC1B1A8D34B000C3BAAB /* SettingsViewController.swift */,
				173A6B8D1AA19D4A003198FF /* LoginViewController.swift */,
				E6A7DF461AB7E08F00E03D51 /* Geolocation.swift */,
				20B96BA21A73549500F32F98 /* Images.xcassets */,
				20B96B9F1A73549500F32F98 /* Main.storyboard */,
				20B96BA41A73549600F32F98 /* LaunchScreen.xib */,
				20B96B991A73549500F32F98 /* Supporting Files */,
			);
			path = Twindr;
			sourceTree = "<group>";
		};
		20B96B991A73549500F32F98 /* Supporting Files */ = {
			isa = PBXGroup;
			children = (
				20B96B9A1A73549500F32F98 /* Info.plist */,
			);
			name = "Supporting Files";
			sourceTree = "<group>";
		};
		20B96BAE1A73549600F32F98 /* TwindrTests */ = {
			isa = PBXGroup;
			children = (
				E670922E1AC907C8008D039E /* ConfigHelperTests.swift */,
				E67092321AC917D3008D039E /* DateHelperTests.swift */,
				E6A7DF491AB7E23F00E03D51 /* GeolocationTests.swift */,
				20B96BB11A73549600F32F98 /* TwindrTests.swift */,
				20B96BAF1A73549600F32F98 /* Supporting Files */,
			);
			path = TwindrTests;
			sourceTree = "<group>";
		};
		20B96BAF1A73549600F32F98 /* Supporting Files */ = {
			isa = PBXGroup;
			children = (
				20B96BB01A73549600F32F98 /* Info.plist */,
			);
			name = "Supporting Files";
			sourceTree = "<group>";
		};
		4B0C27FF58D4F6D685E388E2 /* Frameworks */ = {
			isa = PBXGroup;
			children = (
				7A3113AA37465DFC19A372CB /* Pods.framework */,
			);
			name = Frameworks;
			sourceTree = "<group>";
		};
/* End PBXGroup section */

/* Begin PBXNativeTarget section */
		20B96B951A73549500F32F98 /* Twindr */ = {
			isa = PBXNativeTarget;
			buildConfigurationList = 20B96BB51A73549600F32F98 /* Build configuration list for PBXNativeTarget "Twindr" */;
			buildPhases = (
				1CA8718936F267FE01205763 /* Check Pods Manifest.lock */,
				20B96B921A73549500F32F98 /* Sources */,
				20B96B931A73549500F32F98 /* Frameworks */,
				20B96B941A73549500F32F98 /* Resources */,
				173A6B861AA196CE003198FF /* ShellScript */,
				8A33EE9964590F0210E45334 /* Embed Pods Frameworks */,
				5C0C7E80BAF21F88C74B46BE /* Copy Pods Resources */,
			);
			buildRules = (
			);
			dependencies = (
			);
			name = Twindr;
			productName = Twindr;
			productReference = 20B96B961A73549500F32F98 /* Twindr.app */;
			productType = "com.apple.product-type.application";
		};
		20B96BAA1A73549600F32F98 /* TwindrTests */ = {
			isa = PBXNativeTarget;
			buildConfigurationList = 20B96BB81A73549600F32F98 /* Build configuration list for PBXNativeTarget "TwindrTests" */;
			buildPhases = (
				9B11C645B6283AD7391FC61F /* Check Pods Manifest.lock */,
				20B96BA71A73549600F32F98 /* Sources */,
				20B96BA81A73549600F32F98 /* Frameworks */,
				20B96BA91A73549600F32F98 /* Resources */,
				21173F2635FCEA4C86A18D67 /* Embed Pods Frameworks */,
				FC4E4E813C804DF665FD3CDD /* Copy Pods Resources */,
			);
			buildRules = (
			);
			dependencies = (
				20B96BAD1A73549600F32F98 /* PBXTargetDependency */,
			);
			name = TwindrTests;
			productName = TwindrTests;
			productReference = 20B96BAB1A73549600F32F98 /* TwindrTests.xctest */;
			productType = "com.apple.product-type.bundle.unit-test";
		};
/* End PBXNativeTarget section */

/* Begin PBXProject section */
		20B96B8E1A73549500F32F98 /* Project object */ = {
			isa = PBXProject;
			attributes = {
				LastUpgradeCheck = 0610;
				ORGANIZATIONNAME = Group1;
				TargetAttributes = {
					20B96B951A73549500F32F98 = {
						CreatedOnToolsVersion = 6.1;
						DevelopmentTeam = 98CS97VCGJ;
					};
					20B96BAA1A73549600F32F98 = {
						CreatedOnToolsVersion = 6.1;
						TestTargetID = 20B96B951A73549500F32F98;
					};
				};
			};
			buildConfigurationList = 20B96B911A73549500F32F98 /* Build configuration list for PBXProject "Twindr" */;
			compatibilityVersion = "Xcode 3.2";
			developmentRegion = English;
			hasScannedForEncodings = 0;
			knownRegions = (
				en,
				Base,
			);
			mainGroup = 20B96B8D1A73549500F32F98;
			productRefGroup = 20B96B971A73549500F32F98 /* Products */;
			projectDirPath = "";
			projectRoot = "";
			targets = (
				20B96B951A73549500F32F98 /* Twindr */,
				20B96BAA1A73549600F32F98 /* TwindrTests */,
			);
		};
/* End PBXProject section */

/* Begin PBXResourcesBuildPhase section */
		20B96B941A73549500F32F98 /* Resources */ = {
			isa = PBXResourcesBuildPhase;
			buildActionMask = 2147483647;
			files = (
				173A6B8B1AA197AD003198FF /* TwitterKitResources.bundle in Resources */,
				20B96BA11A73549500F32F98 /* Main.storyboard in Resources */,
				20B96BA61A73549600F32F98 /* LaunchScreen.xib in Resources */,
				20B96BA31A73549600F32F98 /* Images.xcassets in Resources */,
				175F11B21AB273E20070CCE2 /* README.txt in Resources */,
			);
			runOnlyForDeploymentPostprocessing = 0;
		};
		20B96BA91A73549600F32F98 /* Resources */ = {
			isa = PBXResourcesBuildPhase;
			buildActionMask = 2147483647;
			files = (
				175F12051AB63F780070CCE2 /* TwitterKitResources.bundle in Resources */,
			);
			runOnlyForDeploymentPostprocessing = 0;
		};
/* End PBXResourcesBuildPhase section */

/* Begin PBXShellScriptBuildPhase section */
		173A6B861AA196CE003198FF /* ShellScript */ = {
			isa = PBXShellScriptBuildPhase;
			buildActionMask = 2147483647;
			files = (
			);
			inputPaths = (
			);
			outputPaths = (
			);
			runOnlyForDeploymentPostprocessing = 0;
			shellPath = /bin/sh;
			shellScript = "./Fabric.framework/run dfab901c60d8c4499b39c69b8bdb93054bf9ad92 34c7a335536e5a9b6053f642b216ebf4be7a936e61dcac61fea1ce9d5906dd0b";
		};
		1CA8718936F267FE01205763 /* Check Pods Manifest.lock */ = {
			isa = PBXShellScriptBuildPhase;
			buildActionMask = 2147483647;
			files = (
			);
			inputPaths = (
			);
			name = "Check Pods Manifest.lock";
			outputPaths = (
			);
			runOnlyForDeploymentPostprocessing = 0;
			shellPath = /bin/sh;
			shellScript = "diff \"${PODS_ROOT}/../Podfile.lock\" \"${PODS_ROOT}/Manifest.lock\" > /dev/null\nif [[ $? != 0 ]] ; then\n    cat << EOM\nerror: The sandbox is not in sync with the Podfile.lock. Run 'pod install' or update your CocoaPods installation.\nEOM\n    exit 1\nfi\n";
			showEnvVarsInLog = 0;
		};
		21173F2635FCEA4C86A18D67 /* Embed Pods Frameworks */ = {
			isa = PBXShellScriptBuildPhase;
			buildActionMask = 2147483647;
			files = (
			);
			inputPaths = (
			);
			name = "Embed Pods Frameworks";
			outputPaths = (
			);
			runOnlyForDeploymentPostprocessing = 0;
			shellPath = /bin/sh;
			shellScript = "\"${SRCROOT}/Pods/Target Support Files/Pods/Pods-frameworks.sh\"\n";
			showEnvVarsInLog = 0;
		};
		5C0C7E80BAF21F88C74B46BE /* Copy Pods Resources */ = {
			isa = PBXShellScriptBuildPhase;
			buildActionMask = 2147483647;
			files = (
			);
			inputPaths = (
			);
			name = "Copy Pods Resources";
			outputPaths = (
			);
			runOnlyForDeploymentPostprocessing = 0;
			shellPath = /bin/sh;
			shellScript = "\"${SRCROOT}/Pods/Target Support Files/Pods/Pods-resources.sh\"\n";
			showEnvVarsInLog = 0;
		};
		8A33EE9964590F0210E45334 /* Embed Pods Frameworks */ = {
			isa = PBXShellScriptBuildPhase;
			buildActionMask = 2147483647;
			files = (
			);
			inputPaths = (
			);
			name = "Embed Pods Frameworks";
			outputPaths = (
			);
			runOnlyForDeploymentPostprocessing = 0;
			shellPath = /bin/sh;
			shellScript = "\"${SRCROOT}/Pods/Target Support Files/Pods/Pods-frameworks.sh\"\n";
			showEnvVarsInLog = 0;
		};
		9B11C645B6283AD7391FC61F /* Check Pods Manifest.lock */ = {
			isa = PBXShellScriptBuildPhase;
			buildActionMask = 2147483647;
			files = (
			);
			inputPaths = (
			);
			name = "Check Pods Manifest.lock";
			outputPaths = (
			);
			runOnlyForDeploymentPostprocessing = 0;
			shellPath = /bin/sh;
			shellScript = "diff \"${PODS_ROOT}/../Podfile.lock\" \"${PODS_ROOT}/Manifest.lock\" > /dev/null\nif [[ $? != 0 ]] ; then\n    cat << EOM\nerror: The sandbox is not in sync with the Podfile.lock. Run 'pod install' or update your CocoaPods installation.\nEOM\n    exit 1\nfi\n";
			showEnvVarsInLog = 0;
		};
		FC4E4E813C804DF665FD3CDD /* Copy Pods Resources */ = {
			isa = PBXShellScriptBuildPhase;
			buildActionMask = 2147483647;
			files = (
			);
			inputPaths = (
			);
			name = "Copy Pods Resources";
			outputPaths = (
			);
			runOnlyForDeploymentPostprocessing = 0;
			shellPath = /bin/sh;
			shellScript = "\"${SRCROOT}/Pods/Target Support Files/Pods/Pods-resources.sh\"\n";
			showEnvVarsInLog = 0;
		};
/* End PBXShellScriptBuildPhase section */

/* Begin PBXSourcesBuildPhase section */
		20B96B921A73549500F32F98 /* Sources */ = {
			isa = PBXSourcesBuildPhase;
			buildActionMask = 2147483647;
			files = (
				E6A7DF471AB7E08F00E03D51 /* Geolocation.swift in Sources */,
				2040C51E1AB903CF0028A4D1 /* PreparedPotentialMatch.swift in Sources */,
				171DAF771AC3EA9000B053A9 /* LoginResponse.swift in Sources */,
				E69597541AC635C9009836D2 /* ConversationsViewController.swift in Sources */,
				175F12081AB792CB0070CCE2 /* ConfigHelper.swift in Sources */,
				2040C5241AB90C7A0028A4D1 /* PotentialMatchResponse.swift in Sources */,
				2040C5181AB8EC4D0028A4D1 /* ServerRequests.swift in Sources */,
				E69597561AC63EA3009836D2 /* Message.swift in Sources */,
				173A6B8E1AA19D4A003198FF /* LoginViewController.swift in Sources */,
				20FBF51E1AC52738006DEEA8 /* MessageHandler.swift in Sources */,
				2040C5211AB9052F0028A4D1 /* DeserializationUtil.swift in Sources */,
				2040C5141AB8EB5E0028A4D1 /* SwiftyJSON.swift in Sources */,
				E621AC1E1A8D34DE00C3BAAB /* MatchesViewController.swift in Sources */,
				20FBF5231AC52B68006DEEA8 /* MatchMessage.swift in Sources */,
				E621AC1C1A8D34B000C3BAAB /* SettingsViewController.swift in Sources */,
				2040C51B1AB8FB400028A4D1 /* JSONSerializable.swift in Sources */,
				22DB38221AC8CDD600F1B242 /* SwiftEventSource.swift in Sources */,
				E621AC1A1A8D32AC00C3BAAB /* HomeViewController.swift in Sources */,
				1744CA381AC0DE0100C95E42 /* RequestToken.swift in Sources */,
				20FBF5251AC52B68006DEEA8 /* Registration.swift in Sources */,
				20FBF5271AC52B68006DEEA8 /* UpdateRegistration.swift in Sources */,
				2040C5101AB8E6510028A4D1 /* PreparedMatch.swift in Sources */,
				170EE9EE1AC7B14900FCD798 /* DateHelper.swift in Sources */,
				E67CA31F1AC4FD5C00EE1A7B /* MessageViewController.swift in Sources */,
				2040C50B1AB8E6250028A4D1 /* Alamofire.swift in Sources */,
				20B96B9E1A73549500F32F98 /* ViewController.swift in Sources */,
				20B96B9C1A73549500F32F98 /* AppDelegate.swift in Sources */,
			);
			runOnlyForDeploymentPostprocessing = 0;
		};
		20B96BA71A73549600F32F98 /* Sources */ = {
			isa = PBXSourcesBuildPhase;
			buildActionMask = 2147483647;
			files = (
				E6A7DF481AB7E08F00E03D51 /* Geolocation.swift in Sources */,
				2040C5251AB90C7A0028A4D1 /* PotentialMatchResponse.swift in Sources */,
				175F12021AB63E920070CCE2 /* AppDelegate.swift in Sources */,
				2040C51C1AB8FB400028A4D1 /* JSONSerializable.swift in Sources */,
				175F12011AB63E2F0070CCE2 /* ViewController.swift in Sources */,
				2040C5191AB8EC4D0028A4D1 /* ServerRequests.swift in Sources */,
				171DAF781AC4B41F00B053A9 /* LoginResponse.swift in Sources */,
				E670922F1AC907C8008D039E /* ConfigHelperTests.swift in Sources */,
				2040C5151AB8EB5E0028A4D1 /* SwiftyJSON.swift in Sources */,
				20B96BB21A73549600F32F98 /* TwindrTests.swift in Sources */,
				170EE9EF1AC7B6DC00FCD798 /* DateHelper.swift in Sources */,
				E67092331AC917D3008D039E /* DateHelperTests.swift in Sources */,
				E6A7DF4A1AB7E23F00E03D51 /* GeolocationTests.swift in Sources */,
				175F12061AB66D940070CCE2 /* LoginViewController.swift in Sources */,
				20FBF5241AC52B68006DEEA8 /* MatchMessage.swift in Sources */,
				2040C5221AB9052F0028A4D1 /* DeserializationUtil.swift in Sources */,
				2040C51F1AB903CF0028A4D1 /* PreparedPotentialMatch.swift in Sources */,
				2040C50C1AB8E6250028A4D1 /* Alamofire.swift in Sources */,
				2011396E1AC5497100ED8A00 /* SettingsViewController.swift in Sources */,
				1744CA391AC0EAAF00C95E42 /* RequestToken.swift in Sources */,
				E69597571AC63EA6009836D2 /* Message.swift in Sources */,
				20FBF5261AC52B68006DEEA8 /* Registration.swift in Sources */,
				20FBF5281AC52B68006DEEA8 /* UpdateRegistration.swift in Sources */,
				175F120A1AB795560070CCE2 /* ConfigHelper.swift in Sources */,
				2040C5111AB8E6510028A4D1 /* PreparedMatch.swift in Sources */,
				175F12001AB63DE00070CCE2 /* HomeViewController.swift in Sources */,
			);
			runOnlyForDeploymentPostprocessing = 0;
		};
/* End PBXSourcesBuildPhase section */

/* Begin PBXTargetDependency section */
		20B96BAD1A73549600F32F98 /* PBXTargetDependency */ = {
			isa = PBXTargetDependency;
			target = 20B96B951A73549500F32F98 /* Twindr */;
			targetProxy = 20B96BAC1A73549600F32F98 /* PBXContainerItemProxy */;
		};
/* End PBXTargetDependency section */

/* Begin PBXVariantGroup section */
		20B96B9F1A73549500F32F98 /* Main.storyboard */ = {
			isa = PBXVariantGroup;
			children = (
				20B96BA01A73549500F32F98 /* Base */,
			);
			name = Main.storyboard;
			sourceTree = "<group>";
		};
		20B96BA41A73549600F32F98 /* LaunchScreen.xib */ = {
			isa = PBXVariantGroup;
			children = (
				20B96BA51A73549600F32F98 /* Base */,
			);
			name = LaunchScreen.xib;
			sourceTree = "<group>";
		};
/* End PBXVariantGroup section */

/* Begin XCBuildConfiguration section */
		20B96BB31A73549600F32F98 /* Debug */ = {
			isa = XCBuildConfiguration;
			buildSettings = {
				ALWAYS_SEARCH_USER_PATHS = NO;
				CLANG_CXX_LANGUAGE_STANDARD = "gnu++0x";
				CLANG_CXX_LIBRARY = "libc++";
				CLANG_ENABLE_MODULES = YES;
				CLANG_ENABLE_OBJC_ARC = YES;
				CLANG_WARN_BOOL_CONVERSION = YES;
				CLANG_WARN_CONSTANT_CONVERSION = YES;
				CLANG_WARN_DIRECT_OBJC_ISA_USAGE = YES_ERROR;
				CLANG_WARN_EMPTY_BODY = YES;
				CLANG_WARN_ENUM_CONVERSION = YES;
				CLANG_WARN_INT_CONVERSION = YES;
				CLANG_WARN_OBJC_ROOT_CLASS = YES_ERROR;
				CLANG_WARN_UNREACHABLE_CODE = YES;
				CLANG_WARN__DUPLICATE_METHOD_MATCH = YES;
				"CODE_SIGN_IDENTITY[sdk=iphoneos*]" = "iPhone Developer";
				COPY_PHASE_STRIP = NO;
				ENABLE_STRICT_OBJC_MSGSEND = YES;
				GCC_C_LANGUAGE_STANDARD = gnu99;
				GCC_DYNAMIC_NO_PIC = NO;
				GCC_OPTIMIZATION_LEVEL = 0;
				GCC_PREPROCESSOR_DEFINITIONS = (
					"DEBUG=1",
					"$(inherited)",
				);
				GCC_SYMBOLS_PRIVATE_EXTERN = NO;
				GCC_WARN_64_TO_32_BIT_CONVERSION = YES;
				GCC_WARN_ABOUT_RETURN_TYPE = YES_ERROR;
				GCC_WARN_UNDECLARED_SELECTOR = YES;
				GCC_WARN_UNINITIALIZED_AUTOS = YES_AGGRESSIVE;
				GCC_WARN_UNUSED_FUNCTION = YES;
				GCC_WARN_UNUSED_VARIABLE = YES;
				IPHONEOS_DEPLOYMENT_TARGET = 7.1;
				MTL_ENABLE_DEBUG_INFO = YES;
				ONLY_ACTIVE_ARCH = YES;
				SDKROOT = iphoneos;
				SWIFT_OBJC_BRIDGING_HEADER = Twindr/ObjCBridge.h;
				SWIFT_OPTIMIZATION_LEVEL = "-Onone";
				TARGETED_DEVICE_FAMILY = "1,2";
			};
			name = Debug;
		};
		20B96BB41A73549600F32F98 /* Release */ = {
			isa = XCBuildConfiguration;
			buildSettings = {
				ALWAYS_SEARCH_USER_PATHS = NO;
				CLANG_CXX_LANGUAGE_STANDARD = "gnu++0x";
				CLANG_CXX_LIBRARY = "libc++";
				CLANG_ENABLE_MODULES = YES;
				CLANG_ENABLE_OBJC_ARC = YES;
				CLANG_WARN_BOOL_CONVERSION = YES;
				CLANG_WARN_CONSTANT_CONVERSION = YES;
				CLANG_WARN_DIRECT_OBJC_ISA_USAGE = YES_ERROR;
				CLANG_WARN_EMPTY_BODY = YES;
				CLANG_WARN_ENUM_CONVERSION = YES;
				CLANG_WARN_INT_CONVERSION = YES;
				CLANG_WARN_OBJC_ROOT_CLASS = YES_ERROR;
				CLANG_WARN_UNREACHABLE_CODE = YES;
				CLANG_WARN__DUPLICATE_METHOD_MATCH = YES;
				"CODE_SIGN_IDENTITY[sdk=iphoneos*]" = "iPhone Developer";
				COPY_PHASE_STRIP = YES;
				ENABLE_NS_ASSERTIONS = NO;
				ENABLE_STRICT_OBJC_MSGSEND = YES;
				GCC_C_LANGUAGE_STANDARD = gnu99;
				GCC_WARN_64_TO_32_BIT_CONVERSION = YES;
				GCC_WARN_ABOUT_RETURN_TYPE = YES_ERROR;
				GCC_WARN_UNDECLARED_SELECTOR = YES;
				GCC_WARN_UNINITIALIZED_AUTOS = YES_AGGRESSIVE;
				GCC_WARN_UNUSED_FUNCTION = YES;
				GCC_WARN_UNUSED_VARIABLE = YES;
				IPHONEOS_DEPLOYMENT_TARGET = 7.1;
				MTL_ENABLE_DEBUG_INFO = NO;
				SDKROOT = iphoneos;
				SWIFT_OBJC_BRIDGING_HEADER = Twindr/ObjCBridge.h;
				TARGETED_DEVICE_FAMILY = "1,2";
				VALIDATE_PRODUCT = YES;
			};
			name = Release;
		};
		20B96BB61A73549600F32F98 /* Debug */ = {
			isa = XCBuildConfiguration;
			baseConfigurationReference = 26E7ADB1595EFA7C8EB1629A /* Pods.debug.xcconfig */;
			buildSettings = {
				ASSETCATALOG_COMPILER_APPICON_NAME = AppIcon;
				ASSETCATALOG_COMPILER_LAUNCHIMAGE_NAME = LaunchImage;
				CODE_SIGN_IDENTITY = "iPhone Developer";
				FRAMEWORK_SEARCH_PATHS = (
					"$(inherited)",
					"$(PROJECT_DIR)",
				);
				INFOPLIST_FILE = Twindr/Info.plist;
				IPHONEOS_DEPLOYMENT_TARGET = 7.1;
				LD_RUNPATH_SEARCH_PATHS = "$(inherited) @executable_path/Frameworks";
				PRODUCT_NAME = "$(TARGET_NAME)";
				TARGETED_DEVICE_FAMILY = 2;
			};
			name = Debug;
		};
		20B96BB71A73549600F32F98 /* Release */ = {
			isa = XCBuildConfiguration;
			baseConfigurationReference = E02EA3BC1AB20C0238DE9F21 /* Pods.release.xcconfig */;
			buildSettings = {
				ASSETCATALOG_COMPILER_APPICON_NAME = AppIcon;
				ASSETCATALOG_COMPILER_LAUNCHIMAGE_NAME = LaunchImage;
				CODE_SIGN_IDENTITY = "iPhone Developer";
				FRAMEWORK_SEARCH_PATHS = (
					"$(inherited)",
					"$(PROJECT_DIR)",
				);
				INFOPLIST_FILE = Twindr/Info.plist;
				IPHONEOS_DEPLOYMENT_TARGET = 7.1;
				LD_RUNPATH_SEARCH_PATHS = "$(inherited) @executable_path/Frameworks";
				PRODUCT_NAME = "$(TARGET_NAME)";
				TARGETED_DEVICE_FAMILY = 2;
			};
			name = Release;
		};
		20B96BB91A73549600F32F98 /* Debug */ = {
			isa = XCBuildConfiguration;
			baseConfigurationReference = 26E7ADB1595EFA7C8EB1629A /* Pods.debug.xcconfig */;
			buildSettings = {
				BUNDLE_LOADER = "$(TEST_HOST)";
				FRAMEWORK_SEARCH_PATHS = (
					"$(SDKROOT)/Developer/Library/Frameworks",
					"$(inherited)",
					"$(PROJECT_DIR)",
				);
				GCC_PREPROCESSOR_DEFINITIONS = (
					"DEBUG=1",
					"$(inherited)",
				);
				INFOPLIST_FILE = TwindrTests/Info.plist;
				LD_RUNPATH_SEARCH_PATHS = "$(inherited) @executable_path/Frameworks @loader_path/Frameworks";
				PRODUCT_NAME = "$(TARGET_NAME)";
				TEST_HOST = "$(BUILT_PRODUCTS_DIR)/Twindr.app/Twindr";
			};
			name = Debug;
		};
		20B96BBA1A73549600F32F98 /* Release */ = {
			isa = XCBuildConfiguration;
			baseConfigurationReference = E02EA3BC1AB20C0238DE9F21 /* Pods.release.xcconfig */;
			buildSettings = {
				BUNDLE_LOADER = "$(TEST_HOST)";
				FRAMEWORK_SEARCH_PATHS = (
					"$(SDKROOT)/Developer/Library/Frameworks",
					"$(inherited)",
					"$(PROJECT_DIR)",
				);
				INFOPLIST_FILE = TwindrTests/Info.plist;
				LD_RUNPATH_SEARCH_PATHS = "$(inherited) @executable_path/Frameworks @loader_path/Frameworks";
				PRODUCT_NAME = "$(TARGET_NAME)";
				TEST_HOST = "$(BUILT_PRODUCTS_DIR)/Twindr.app/Twindr";
			};
			name = Release;
		};
/* End XCBuildConfiguration section */

/* Begin XCConfigurationList section */
		20B96B911A73549500F32F98 /* Build configuration list for PBXProject "Twindr" */ = {
			isa = XCConfigurationList;
			buildConfigurations = (
				20B96BB31A73549600F32F98 /* Debug */,
				20B96BB41A73549600F32F98 /* Release */,
			);
			defaultConfigurationIsVisible = 0;
			defaultConfigurationName = Release;
		};
		20B96BB51A73549600F32F98 /* Build configuration list for PBXNativeTarget "Twindr" */ = {
			isa = XCConfigurationList;
			buildConfigurations = (
				20B96BB61A73549600F32F98 /* Debug */,
				20B96BB71A73549600F32F98 /* Release */,
			);
			defaultConfigurationIsVisible = 0;
			defaultConfigurationName = Release;
		};
		20B96BB81A73549600F32F98 /* Build configuration list for PBXNativeTarget "TwindrTests" */ = {
			isa = XCConfigurationList;
			buildConfigurations = (
				20B96BB91A73549600F32F98 /* Debug */,
				20B96BBA1A73549600F32F98 /* Release */,
			);
			defaultConfigurationIsVisible = 0;
			defaultConfigurationName = Release;
		};
/* End XCConfigurationList section */
	};
	rootObject = 20B96B8E1A73549500F32F98 /* Project object */;
}
