// !$*UTF8*$!
{
	archiveVersion = 1;
	classes = {
	};
	objectVersion = 46;
	objects = {

/* Begin PBXBuildFile section */
		173A6B8A1AA197AD003198FF /* TwitterKit.framework in Frameworks */ = {isa = PBXBuildFile; fileRef = 173A6B871AA197AD003198FF /* TwitterKit.framework */; };
		173A6B8B1AA197AD003198FF /* TwitterKitResources.bundle in Resources */ = {isa = PBXBuildFile; fileRef = 173A6B881AA197AD003198FF /* TwitterKitResources.bundle */; };
		173A6B8C1AA197AD003198FF /* Fabric.framework in Frameworks */ = {isa = PBXBuildFile; fileRef = 173A6B891AA197AD003198FF /* Fabric.framework */; };
		173A6B8E1AA19D4A003198FF /* LoginViewController.swift in Sources */ = {isa = PBXBuildFile; fileRef = 173A6B8D1AA19D4A003198FF /* LoginViewController.swift */; };
		175F11B21AB273E20070CCE2 /* README.txt in Resources */ = {isa = PBXBuildFile; fileRef = 175F11B11AB273E20070CCE2 /* README.txt */; };
		175F12001AB63DE00070CCE2 /* HomeViewController.swift in Sources */ = {isa = PBXBuildFile; fileRef = E621AC191A8D32AC00C3BAAB /* HomeViewController.swift */; };
		175F12011AB63E2F0070CCE2 /* ViewController.swift in Sources */ = {isa = PBXBuildFile; fileRef = 20B96B9D1A73549500F32F98 /* ViewController.swift */; };
		175F12021AB63E920070CCE2 /* AppDelegate.swift in Sources */ = {isa = PBXBuildFile; fileRef = 20B96B9B1A73549500F32F98 /* AppDelegate.swift */; };
		175F12031AB63F000070CCE2 /* Fabric.framework in Frameworks */ = {isa = PBXBuildFile; fileRef = 173A6B891AA197AD003198FF /* Fabric.framework */; };
		175F12041AB63F650070CCE2 /* TwitterKit.framework in Frameworks */ = {isa = PBXBuildFile; fileRef = 173A6B871AA197AD003198FF /* TwitterKit.framework */; };
		175F12051AB63F780070CCE2 /* TwitterKitResources.bundle in Resources */ = {isa = PBXBuildFile; fileRef = 173A6B881AA197AD003198FF /* TwitterKitResources.bundle */; };
		175F12061AB66D940070CCE2 /* LoginViewController.swift in Sources */ = {isa = PBXBuildFile; fileRef = 173A6B8D1AA19D4A003198FF /* LoginViewController.swift */; };
		175F12081AB792CB0070CCE2 /* NetworkHelper.swift in Sources */ = {isa = PBXBuildFile; fileRef = 175F12071AB792CB0070CCE2 /* NetworkHelper.swift */; };
		175F120A1AB795560070CCE2 /* NetworkHelper.swift in Sources */ = {isa = PBXBuildFile; fileRef = 175F12071AB792CB0070CCE2 /* NetworkHelper.swift */; };
		175F120C1AB797150070CCE2 /* NetworkHelperTests.swift in Sources */ = {isa = PBXBuildFile; fileRef = 175F120B1AB797150070CCE2 /* NetworkHelperTests.swift */; };
		20B96B9C1A73549500F32F98 /* AppDelegate.swift in Sources */ = {isa = PBXBuildFile; fileRef = 20B96B9B1A73549500F32F98 /* AppDelegate.swift */; };
		20B96B9E1A73549500F32F98 /* ViewController.swift in Sources */ = {isa = PBXBuildFile; fileRef = 20B96B9D1A73549500F32F98 /* ViewController.swift */; };
		20B96BA11A73549500F32F98 /* Main.storyboard in Resources */ = {isa = PBXBuildFile; fileRef = 20B96B9F1A73549500F32F98 /* Main.storyboard */; };
		20B96BA31A73549600F32F98 /* Images.xcassets in Resources */ = {isa = PBXBuildFile; fileRef = 20B96BA21A73549500F32F98 /* Images.xcassets */; };
		20B96BA61A73549600F32F98 /* LaunchScreen.xib in Resources */ = {isa = PBXBuildFile; fileRef = 20B96BA41A73549600F32F98 /* LaunchScreen.xib */; };
		20B96BB21A73549600F32F98 /* TwindrTests.swift in Sources */ = {isa = PBXBuildFile; fileRef = 20B96BB11A73549600F32F98 /* TwindrTests.swift */; };
		E621AC1A1A8D32AC00C3BAAB /* HomeViewController.swift in Sources */ = {isa = PBXBuildFile; fileRef = E621AC191A8D32AC00C3BAAB /* HomeViewController.swift */; };
		E621AC1C1A8D34B000C3BAAB /* SettingsViewController.swift in Sources */ = {isa = PBXBuildFile; fileRef = E621AC1B1A8D34B000C3BAAB /* SettingsViewController.swift */; };
		E621AC1E1A8D34DE00C3BAAB /* MatchesViewController.swift in Sources */ = {isa = PBXBuildFile; fileRef = E621AC1D1A8D34DE00C3BAAB /* MatchesViewController.swift */; };
		E6A7DF471AB7E08F00E03D51 /* Geolocation.swift in Sources */ = {isa = PBXBuildFile; fileRef = E6A7DF461AB7E08F00E03D51 /* Geolocation.swift */; };
		E6A7DF481AB7E08F00E03D51 /* Geolocation.swift in Sources */ = {isa = PBXBuildFile; fileRef = E6A7DF461AB7E08F00E03D51 /* Geolocation.swift */; };
		E6A7DF4A1AB7E23F00E03D51 /* GeolocationTests.swift in Sources */ = {isa = PBXBuildFile; fileRef = E6A7DF491AB7E23F00E03D51 /* GeolocationTests.swift */; };
		E6CCFA541AB5198A000D1EE9 /* CoreLocation.framework in Frameworks */ = {isa = PBXBuildFile; fileRef = E6CCFA531AB5198A000D1EE9 /* CoreLocation.framework */; };
/* End PBXBuildFile section */

/* Begin PBXContainerItemProxy section */
		20B96BAC1A73549600F32F98 /* PBXContainerItemProxy */ = {
			isa = PBXContainerItemProxy;
			containerPortal = 20B96B8E1A73549500F32F98 /* Project object */;
			proxyType = 1;
			remoteGlobalIDString = 20B96B951A73549500F32F98;
			remoteInfo = Twindr;
		};
/* End PBXContainerItemProxy section */

/* Begin PBXFileReference section */
		173A6B871AA197AD003198FF /* TwitterKit.framework */ = {isa = PBXFileReference; lastKnownFileType = wrapper.framework; path = TwitterKit.framework; sourceTree = "<group>"; };
		173A6B881AA197AD003198FF /* TwitterKitResources.bundle */ = {isa = PBXFileReference; lastKnownFileType = "wrapper.plug-in"; name = TwitterKitResources.bundle; path = TwitterKit.framework/Versions/A/Resources/TwitterKitResources.bundle; sourceTree = "<group>"; };
		173A6B891AA197AD003198FF /* Fabric.framework */ = {isa = PBXFileReference; lastKnownFileType = wrapper.framework; path = Fabric.framework; sourceTree = "<group>"; };
		173A6B8D1AA19D4A003198FF /* LoginViewController.swift */ = {isa = PBXFileReference; fileEncoding = 4; lastKnownFileType = sourcecode.swift; path = LoginViewController.swift; sourceTree = "<group>"; };
		175F11B11AB273E20070CCE2 /* README.txt */ = {isa = PBXFileReference; fileEncoding = 4; lastKnownFileType = text; name = README.txt; path = Twindr/README.txt; sourceTree = "<group>"; };
		175F12071AB792CB0070CCE2 /* NetworkHelper.swift */ = {isa = PBXFileReference; fileEncoding = 4; lastKnownFileType = sourcecode.swift; name = NetworkHelper.swift; path = Helpers/NetworkHelper.swift; sourceTree = "<group>"; };
		175F120B1AB797150070CCE2 /* NetworkHelperTests.swift */ = {isa = PBXFileReference; fileEncoding = 4; lastKnownFileType = sourcecode.swift; path = NetworkHelperTests.swift; sourceTree = "<group>"; };
		20B96B961A73549500F32F98 /* Twindr.app */ = {isa = PBXFileReference; explicitFileType = wrapper.application; includeInIndex = 0; path = Twindr.app; sourceTree = BUILT_PRODUCTS_DIR; };
		20B96B9A1A73549500F32F98 /* Info.plist */ = {isa = PBXFileReference; lastKnownFileType = text.plist.xml; path = Info.plist; sourceTree = "<group>"; };
		20B96B9B1A73549500F32F98 /* AppDelegate.swift */ = {isa = PBXFileReference; lastKnownFileType = sourcecode.swift; path = AppDelegate.swift; sourceTree = "<group>"; };
		20B96B9D1A73549500F32F98 /* ViewController.swift */ = {isa = PBXFileReference; lastKnownFileType = sourcecode.swift; path = ViewController.swift; sourceTree = "<group>"; };
		20B96BA01A73549500F32F98 /* Base */ = {isa = PBXFileReference; lastKnownFileType = file.storyboard; name = Base; path = Base.lproj/Main.storyboard; sourceTree = "<group>"; };
		20B96BA21A73549500F32F98 /* Images.xcassets */ = {isa = PBXFileReference; lastKnownFileType = folder.assetcatalog; path = Images.xcassets; sourceTree = "<group>"; };
		20B96BA51A73549600F32F98 /* Base */ = {isa = PBXFileReference; lastKnownFileType = file.xib; name = Base; path = Base.lproj/LaunchScreen.xib; sourceTree = "<group>"; };
		20B96BAB1A73549600F32F98 /* TwindrTests.xctest */ = {isa = PBXFileReference; explicitFileType = wrapper.cfbundle; includeInIndex = 0; path = TwindrTests.xctest; sourceTree = BUILT_PRODUCTS_DIR; };
		20B96BB01A73549600F32F98 /* Info.plist */ = {isa = PBXFileReference; lastKnownFileType = text.plist.xml; path = Info.plist; sourceTree = "<group>"; };
		20B96BB11A73549600F32F98 /* TwindrTests.swift */ = {isa = PBXFileReference; lastKnownFileType = sourcecode.swift; path = TwindrTests.swift; sourceTree = "<group>"; };
		E621AC191A8D32AC00C3BAAB /* HomeViewController.swift */ = {isa = PBXFileReference; fileEncoding = 4; lastKnownFileType = sourcecode.swift; path = HomeViewController.swift; sourceTree = "<group>"; };
		E621AC1B1A8D34B000C3BAAB /* SettingsViewController.swift */ = {isa = PBXFileReference; fileEncoding = 4; lastKnownFileType = sourcecode.swift; path = SettingsViewController.swift; sourceTree = "<group>"; };
		E621AC1D1A8D34DE00C3BAAB /* MatchesViewController.swift */ = {isa = PBXFileReference; fileEncoding = 4; lastKnownFileType = sourcecode.swift; path = MatchesViewController.swift; sourceTree = "<group>"; };
		E6A7DF461AB7E08F00E03D51 /* Geolocation.swift */ = {isa = PBXFileReference; fileEncoding = 4; lastKnownFileType = sourcecode.swift; path = Geolocation.swift; sourceTree = "<group>"; };
		E6A7DF491AB7E23F00E03D51 /* GeolocationTests.swift */ = {isa = PBXFileReference; fileEncoding = 4; lastKnownFileType = sourcecode.swift; path = GeolocationTests.swift; sourceTree = "<group>"; };
		E6CCFA531AB5198A000D1EE9 /* CoreLocation.framework */ = {isa = PBXFileReference; lastKnownFileType = wrapper.framework; name = CoreLocation.framework; path = System/Library/Frameworks/CoreLocation.framework; sourceTree = SDKROOT; };
/* End PBXFileReference section */

/* Begin PBXFrameworksBuildPhase section */
		20B96B931A73549500F32F98 /* Frameworks */ = {
			isa = PBXFrameworksBuildPhase;
			buildActionMask = 2147483647;
			files = (
				E6CCFA541AB5198A000D1EE9 /* CoreLocation.framework in Frameworks */,
				173A6B8C1AA197AD003198FF /* Fabric.framework in Frameworks */,
				173A6B8A1AA197AD003198FF /* TwitterKit.framework in Frameworks */,
			);
			runOnlyForDeploymentPostprocessing = 0;
		};
		20B96BA81A73549600F32F98 /* Frameworks */ = {
			isa = PBXFrameworksBuildPhase;
			buildActionMask = 2147483647;
			files = (
				175F12031AB63F000070CCE2 /* Fabric.framework in Frameworks */,
				175F12041AB63F650070CCE2 /* TwitterKit.framework in Frameworks */,
			);
			runOnlyForDeploymentPostprocessing = 0;
		};
/* End PBXFrameworksBuildPhase section */

/* Begin PBXGroup section */
		175F12091AB792E30070CCE2 /* Helpers */ = {
			isa = PBXGroup;
			children = (
				175F12071AB792CB0070CCE2 /* NetworkHelper.swift */,
			);
			name = Helpers;
			sourceTree = "<group>";
		};
		20B96B8D1A73549500F32F98 = {
			isa = PBXGroup;
			children = (
				E6CCFA531AB5198A000D1EE9 /* CoreLocation.framework */,
				175F11B11AB273E20070CCE2 /* README.txt */,
				173A6B871AA197AD003198FF /* TwitterKit.framework */,
				173A6B881AA197AD003198FF /* TwitterKitResources.bundle */,
				173A6B891AA197AD003198FF /* Fabric.framework */,
				20B96B981A73549500F32F98 /* Twindr */,
				20B96BAE1A73549600F32F98 /* TwindrTests */,
				20B96B971A73549500F32F98 /* Products */,
			);
			sourceTree = "<group>";
		};
		20B96B971A73549500F32F98 /* Products */ = {
			isa = PBXGroup;
			children = (
				20B96B961A73549500F32F98 /* Twindr.app */,
				20B96BAB1A73549600F32F98 /* TwindrTests.xctest */,
			);
			name = Products;
			sourceTree = "<group>";
		};
		20B96B981A73549500F32F98 /* Twindr */ = {
			isa = PBXGroup;
			children = (
				175F12091AB792E30070CCE2 /* Helpers */,
				20B96B9B1A73549500F32F98 /* AppDelegate.swift */,
				20B96B9D1A73549500F32F98 /* ViewController.swift */,
				E621AC191A8D32AC00C3BAAB /* HomeViewController.swift */,
				E621AC1B1A8D34B000C3BAAB /* SettingsViewController.swift */,
				E621AC1D1A8D34DE00C3BAAB /* MatchesViewController.swift */,
				173A6B8D1AA19D4A003198FF /* LoginViewController.swift */,
				E6A7DF461AB7E08F00E03D51 /* Geolocation.swift */,
				20B96BA21A73549500F32F98 /* Images.xcassets */,
				20B96B9F1A73549500F32F98 /* Main.storyboard */,
				20B96BA41A73549600F32F98 /* LaunchScreen.xib */,
				20B96B991A73549500F32F98 /* Supporting Files */,
			);
			path = Twindr;
			sourceTree = "<group>";
		};
		20B96B991A73549500F32F98 /* Supporting Files */ = {
			isa = PBXGroup;
			children = (
				20B96B9A1A73549500F32F98 /* Info.plist */,
			);
			name = "Supporting Files";
			sourceTree = "<group>";
		};
		20B96BAE1A73549600F32F98 /* TwindrTests */ = {
			isa = PBXGroup;
			children = (
				175F120B1AB797150070CCE2 /* NetworkHelperTests.swift */,
				20B96BB11A73549600F32F98 /* TwindrTests.swift */,
				E6A7DF491AB7E23F00E03D51 /* GeolocationTests.swift */,
				20B96BAF1A73549600F32F98 /* Supporting Files */,
			);
			path = TwindrTests;
			sourceTree = "<group>";
		};
		20B96BAF1A73549600F32F98 /* Supporting Files */ = {
			isa = PBXGroup;
			children = (
				20B96BB01A73549600F32F98 /* Info.plist */,
			);
			name = "Supporting Files";
			sourceTree = "<group>";
		};
/* End PBXGroup section */

/* Begin PBXNativeTarget section */
		20B96B951A73549500F32F98 /* Twindr */ = {
			isa = PBXNativeTarget;
			buildConfigurationList = 20B96BB51A73549600F32F98 /* Build configuration list for PBXNativeTarget "Twindr" */;
			buildPhases = (
				20B96B921A73549500F32F98 /* Sources */,
				20B96B931A73549500F32F98 /* Frameworks */,
				20B96B941A73549500F32F98 /* Resources */,
				173A6B861AA196CE003198FF /* ShellScript */,
			);
			buildRules = (
			);
			dependencies = (
			);
			name = Twindr;
			productName = Twindr;
			productReference = 20B96B961A73549500F32F98 /* Twindr.app */;
			productType = "com.apple.product-type.application";
		};
		20B96BAA1A73549600F32F98 /* TwindrTests */ = {
			isa = PBXNativeTarget;
			buildConfigurationList = 20B96BB81A73549600F32F98 /* Build configuration list for PBXNativeTarget "TwindrTests" */;
			buildPhases = (
				20B96BA71A73549600F32F98 /* Sources */,
				20B96BA81A73549600F32F98 /* Frameworks */,
				20B96BA91A73549600F32F98 /* Resources */,
			);
			buildRules = (
			);
			dependencies = (
				20B96BAD1A73549600F32F98 /* PBXTargetDependency */,
			);
			name = TwindrTests;
			productName = TwindrTests;
			productReference = 20B96BAB1A73549600F32F98 /* TwindrTests.xctest */;
			productType = "com.apple.product-type.bundle.unit-test";
		};
/* End PBXNativeTarget section */

/* Begin PBXProject section */
		20B96B8E1A73549500F32F98 /* Project object */ = {
			isa = PBXProject;
			attributes = {
				LastUpgradeCheck = 0610;
				ORGANIZATIONNAME = Group1;
				TargetAttributes = {
					20B96B951A73549500F32F98 = {
						CreatedOnToolsVersion = 6.1;
					};
					20B96BAA1A73549600F32F98 = {
						CreatedOnToolsVersion = 6.1;
						TestTargetID = 20B96B951A73549500F32F98;
					};
				};
			};
			buildConfigurationList = 20B96B911A73549500F32F98 /* Build configuration list for PBXProject "Twindr" */;
			compatibilityVersion = "Xcode 3.2";
			developmentRegion = English;
			hasScannedForEncodings = 0;
			knownRegions = (
				en,
				Base,
			);
			mainGroup = 20B96B8D1A73549500F32F98;
			productRefGroup = 20B96B971A73549500F32F98 /* Products */;
			projectDirPath = "";
			projectRoot = "";
			targets = (
				20B96B951A73549500F32F98 /* Twindr */,
				20B96BAA1A73549600F32F98 /* TwindrTests */,
			);
		};
/* End PBXProject section */

/* Begin PBXResourcesBuildPhase section */
		20B96B941A73549500F32F98 /* Resources */ = {
			isa = PBXResourcesBuildPhase;
			buildActionMask = 2147483647;
			files = (
				173A6B8B1AA197AD003198FF /* TwitterKitResources.bundle in Resources */,
				20B96BA11A73549500F32F98 /* Main.storyboard in Resources */,
				20B96BA61A73549600F32F98 /* LaunchScreen.xib in Resources */,
				20B96BA31A73549600F32F98 /* Images.xcassets in Resources */,
				175F11B21AB273E20070CCE2 /* README.txt in Resources */,
			);
			runOnlyForDeploymentPostprocessing = 0;
		};
		20B96BA91A73549600F32F98 /* Resources */ = {
			isa = PBXResourcesBuildPhase;
			buildActionMask = 2147483647;
			files = (
				175F12051AB63F780070CCE2 /* TwitterKitResources.bundle in Resources */,
			);
			runOnlyForDeploymentPostprocessing = 0;
		};
/* End PBXResourcesBuildPhase section */

/* Begin PBXShellScriptBuildPhase section */
		173A6B861AA196CE003198FF /* ShellScript */ = {
			isa = PBXShellScriptBuildPhase;
			buildActionMask = 2147483647;
			files = (
			);
			inputPaths = (
			);
			outputPaths = (
			);
			runOnlyForDeploymentPostprocessing = 0;
			shellPath = /bin/sh;
			shellScript = "./Fabric.framework/run dfab901c60d8c4499b39c69b8bdb93054bf9ad92 34c7a335536e5a9b6053f642b216ebf4be7a936e61dcac61fea1ce9d5906dd0b";
		};
/* End PBXShellScriptBuildPhase section */

/* Begin PBXSourcesBuildPhase section */
		20B96B921A73549500F32F98 /* Sources */ = {
			isa = PBXSourcesBuildPhase;
			buildActionMask = 2147483647;
			files = (
				E6A7DF471AB7E08F00E03D51 /* Geolocation.swift in Sources */,
				175F12081AB792CB0070CCE2 /* NetworkHelper.swift in Sources */,
				173A6B8E1AA19D4A003198FF /* LoginViewController.swift in Sources */,
				E621AC1E1A8D34DE00C3BAAB /* MatchesViewController.swift in Sources */,
				E621AC1C1A8D34B000C3BAAB /* SettingsViewController.swift in Sources */,
				E621AC1A1A8D32AC00C3BAAB /* HomeViewController.swift in Sources */,
				20B96B9E1A73549500F32F98 /* ViewController.swift in Sources */,
				20B96B9C1A73549500F32F98 /* AppDelegate.swift in Sources */,
			);
			runOnlyForDeploymentPostprocessing = 0;
		};
		20B96BA71A73549600F32F98 /* Sources */ = {
			isa = PBXSourcesBuildPhase;
			buildActionMask = 2147483647;
			files = (
				E6A7DF481AB7E08F00E03D51 /* Geolocation.swift in Sources */,
				175F12021AB63E920070CCE2 /* AppDelegate.swift in Sources */,
				175F12011AB63E2F0070CCE2 /* ViewController.swift in Sources */,
				20B96BB21A73549600F32F98 /* TwindrTests.swift in Sources */,
				E6A7DF4A1AB7E23F00E03D51 /* GeolocationTests.swift in Sources */,
				175F12061AB66D940070CCE2 /* LoginViewController.swift in Sources */,
				175F120C1AB797150070CCE2 /* NetworkHelperTests.swift in Sources */,
				175F120A1AB795560070CCE2 /* NetworkHelper.swift in Sources */,
				175F12001AB63DE00070CCE2 /* HomeViewController.swift in Sources */,
			);
			runOnlyForDeploymentPostprocessing = 0;
		};
/* End PBXSourcesBuildPhase section */

/* Begin PBXTargetDependency section */
		20B96BAD1A73549600F32F98 /* PBXTargetDependency */ = {
			isa = PBXTargetDependency;
			target = 20B96B951A73549500F32F98 /* Twindr */;
			targetProxy = 20B96BAC1A73549600F32F98 /* PBXContainerItemProxy */;
		};
/* End PBXTargetDependency section */

/* Begin PBXVariantGroup section */
		20B96B9F1A73549500F32F98 /* Main.storyboard */ = {
			isa = PBXVariantGroup;
			children = (
				20B96BA01A73549500F32F98 /* Base */,
			);
			name = Main.storyboard;
			sourceTree = "<group>";
		};
		20B96BA41A73549600F32F98 /* LaunchScreen.xib */ = {
			isa = PBXVariantGroup;
			children = (
				20B96BA51A73549600F32F98 /* Base */,
			);
			name = LaunchScreen.xib;
			sourceTree = "<group>";
		};
/* End PBXVariantGroup section */

/* Begin XCBuildConfiguration section */
		20B96BB31A73549600F32F98 /* Debug */ = {
			isa = XCBuildConfiguration;
			buildSettings = {
				ALWAYS_SEARCH_USER_PATHS = NO;
				CLANG_CXX_LANGUAGE_STANDARD = "gnu++0x";
				CLANG_CXX_LIBRARY = "libc++";
				CLANG_ENABLE_MODULES = YES;
				CLANG_ENABLE_OBJC_ARC = YES;
				CLANG_WARN_BOOL_CONVERSION = YES;
				CLANG_WARN_CONSTANT_CONVERSION = YES;
				CLANG_WARN_DIRECT_OBJC_ISA_USAGE = YES_ERROR;
				CLANG_WARN_EMPTY_BODY = YES;
				CLANG_WARN_ENUM_CONVERSION = YES;
				CLANG_WARN_INT_CONVERSION = YES;
				CLANG_WARN_OBJC_ROOT_CLASS = YES_ERROR;
				CLANG_WARN_UNREACHABLE_CODE = YES;
				CLANG_WARN__DUPLICATE_METHOD_MATCH = YES;
				"CODE_SIGN_IDENTITY[sdk=iphoneos*]" = "iPhone Developer";
				COPY_PHASE_STRIP = NO;
				ENABLE_STRICT_OBJC_MSGSEND = YES;
				GCC_C_LANGUAGE_STANDARD = gnu99;
				GCC_DYNAMIC_NO_PIC = NO;
				GCC_OPTIMIZATION_LEVEL = 0;
				GCC_PREPROCESSOR_DEFINITIONS = (
					"DEBUG=1",
					"$(inherited)",
				);
				GCC_SYMBOLS_PRIVATE_EXTERN = NO;
				GCC_WARN_64_TO_32_BIT_CONVERSION = YES;
				GCC_WARN_ABOUT_RETURN_TYPE = YES_ERROR;
				GCC_WARN_UNDECLARED_SELECTOR = YES;
				GCC_WARN_UNINITIALIZED_AUTOS = YES_AGGRESSIVE;
				GCC_WARN_UNUSED_FUNCTION = YES;
				GCC_WARN_UNUSED_VARIABLE = YES;
				IPHONEOS_DEPLOYMENT_TARGET = 8.1;
				MTL_ENABLE_DEBUG_INFO = YES;
				ONLY_ACTIVE_ARCH = YES;
				SDKROOT = iphoneos;
				SWIFT_OPTIMIZATION_LEVEL = "-Onone";
				TARGETED_DEVICE_FAMILY = "1,2";
			};
			name = Debug;
		};
		20B96BB41A73549600F32F98 /* Release */ = {
			isa = XCBuildConfiguration;
			buildSettings = {
				ALWAYS_SEARCH_USER_PATHS = NO;
				CLANG_CXX_LANGUAGE_STANDARD = "gnu++0x";
				CLANG_CXX_LIBRARY = "libc++";
				CLANG_ENABLE_MODULES = YES;
				CLANG_ENABLE_OBJC_ARC = YES;
				CLANG_WARN_BOOL_CONVERSION = YES;
				CLANG_WARN_CONSTANT_CONVERSION = YES;
				CLANG_WARN_DIRECT_OBJC_ISA_USAGE = YES_ERROR;
				CLANG_WARN_EMPTY_BODY = YES;
				CLANG_WARN_ENUM_CONVERSION = YES;
				CLANG_WARN_INT_CONVERSION = YES;
				CLANG_WARN_OBJC_ROOT_CLASS = YES_ERROR;
				CLANG_WARN_UNREACHABLE_CODE = YES;
				CLANG_WARN__DUPLICATE_METHOD_MATCH = YES;
				"CODE_SIGN_IDENTITY[sdk=iphoneos*]" = "iPhone Developer";
				COPY_PHASE_STRIP = YES;
				ENABLE_NS_ASSERTIONS = NO;
				ENABLE_STRICT_OBJC_MSGSEND = YES;
				GCC_C_LANGUAGE_STANDARD = gnu99;
				GCC_WARN_64_TO_32_BIT_CONVERSION = YES;
				GCC_WARN_ABOUT_RETURN_TYPE = YES_ERROR;
				GCC_WARN_UNDECLARED_SELECTOR = YES;
				GCC_WARN_UNINITIALIZED_AUTOS = YES_AGGRESSIVE;
				GCC_WARN_UNUSED_FUNCTION = YES;
				GCC_WARN_UNUSED_VARIABLE = YES;
				IPHONEOS_DEPLOYMENT_TARGET = 8.1;
				MTL_ENABLE_DEBUG_INFO = NO;
				SDKROOT = iphoneos;
				TARGETED_DEVICE_FAMILY = "1,2";
				VALIDATE_PRODUCT = YES;
			};
			name = Release;
		};
		20B96BB61A73549600F32F98 /* Debug */ = {
			isa = XCBuildConfiguration;
			buildSettings = {
				ASSETCATALOG_COMPILER_APPICON_NAME = AppIcon;
				FRAMEWORK_SEARCH_PATHS = (
					"$(inherited)",
					"$(PROJECT_DIR)",
				);
				INFOPLIST_FILE = Twindr/Info.plist;
				IPHONEOS_DEPLOYMENT_TARGET = 7.1;
				LD_RUNPATH_SEARCH_PATHS = "$(inherited) @executable_path/Frameworks";
				PRODUCT_NAME = "$(TARGET_NAME)";
				TARGETED_DEVICE_FAMILY = "1,2";
			};
			name = Debug;
		};
		20B96BB71A73549600F32F98 /* Release */ = {
			isa = XCBuildConfiguration;
			buildSettings = {
				ASSETCATALOG_COMPILER_APPICON_NAME = AppIcon;
				FRAMEWORK_SEARCH_PATHS = (
					"$(inherited)",
					"$(PROJECT_DIR)",
				);
				INFOPLIST_FILE = Twindr/Info.plist;
				IPHONEOS_DEPLOYMENT_TARGET = 7.1;
				LD_RUNPATH_SEARCH_PATHS = "$(inherited) @executable_path/Frameworks";
				PRODUCT_NAME = "$(TARGET_NAME)";
				TARGETED_DEVICE_FAMILY = "1,2";
			};
			name = Release;
		};
		20B96BB91A73549600F32F98 /* Debug */ = {
			isa = XCBuildConfiguration;
			buildSettings = {
				BUNDLE_LOADER = "$(TEST_HOST)";
				FRAMEWORK_SEARCH_PATHS = (
					"$(SDKROOT)/Developer/Library/Frameworks",
					"$(inherited)",
					"$(PROJECT_DIR)",
				);
				GCC_PREPROCESSOR_DEFINITIONS = (
					"DEBUG=1",
					"$(inherited)",
				);
				INFOPLIST_FILE = TwindrTests/Info.plist;
				LD_RUNPATH_SEARCH_PATHS = "$(inherited) @executable_path/Frameworks @loader_path/Frameworks";
				PRODUCT_NAME = "$(TARGET_NAME)";
				TEST_HOST = "$(BUILT_PRODUCTS_DIR)/Twindr.app/Twindr";
			};
			name = Debug;
		};
		20B96BBA1A73549600F32F98 /* Release */ = {
			isa = XCBuildConfiguration;
			buildSettings = {
				BUNDLE_LOADER = "$(TEST_HOST)";
				FRAMEWORK_SEARCH_PATHS = (
					"$(SDKROOT)/Developer/Library/Frameworks",
					"$(inherited)",
					"$(PROJECT_DIR)",
				);
				INFOPLIST_FILE = TwindrTests/Info.plist;
				LD_RUNPATH_SEARCH_PATHS = "$(inherited) @executable_path/Frameworks @loader_path/Frameworks";
				PRODUCT_NAME = "$(TARGET_NAME)";
				TEST_HOST = "$(BUILT_PRODUCTS_DIR)/Twindr.app/Twindr";
			};
			name = Release;
		};
/* End XCBuildConfiguration section */

/* Begin XCConfigurationList section */
		20B96B911A73549500F32F98 /* Build configuration list for PBXProject "Twindr" */ = {
			isa = XCConfigurationList;
			buildConfigurations = (
				20B96BB31A73549600F32F98 /* Debug */,
				20B96BB41A73549600F32F98 /* Release */,
			);
			defaultConfigurationIsVisible = 0;
			defaultConfigurationName = Release;
		};
		20B96BB51A73549600F32F98 /* Build configuration list for PBXNativeTarget "Twindr" */ = {
			isa = XCConfigurationList;
			buildConfigurations = (
				20B96BB61A73549600F32F98 /* Debug */,
				20B96BB71A73549600F32F98 /* Release */,
			);
			defaultConfigurationIsVisible = 0;
			defaultConfigurationName = Release;
		};
		20B96BB81A73549600F32F98 /* Build configuration list for PBXNativeTarget "TwindrTests" */ = {
			isa = XCConfigurationList;
			buildConfigurations = (
				20B96BB91A73549600F32F98 /* Debug */,
				20B96BBA1A73549600F32F98 /* Release */,
			);
			defaultConfigurationIsVisible = 0;
			defaultConfigurationName = Release;
		};
/* End XCConfigurationList section */
	};
	rootObject = 20B96B8E1A73549500F32F98 /* Project object */;
}
